
Microsoft Visual Studio Solution File, Format Version 12.00
# Visual Studio Version 16
VisualStudioVersion = 16.0.31025.218
MinimumVisualStudioVersion = 10.0.40219.1
Project("{FAE04EC0-301F-11D3-BF4B-00C04F79EFBC}") = "CalculatorBouldy", "CalculatorBouldy\CalculatorBouldy.csproj", "{886B49EB-4D20-4287-B78A-447864431AD6}"
EndProject
Global
	GlobalSection(SolutionConfigurationPlatforms) = preSolution
		Debug|Any CPU = Debug|Any CPU
		Release|Any CPU = Release|Any CPU
	EndGlobalSection
	GlobalSection(ProjectConfigurationPlatforms) = postSolution
		{886B49EB-4D20-4287-B78A-447864431AD6}.Debug|Any CPU.ActiveCfg = Debug|Any CPU
		{886B49EB-4D20-4287-B78A-447864431AD6}.Debug|Any CPU.Build.0 = Debug|Any CPU
		{886B49EB-4D20-4287-B78A-447864431AD6}.Release|Any CPU.ActiveCfg = Release|Any CPU
		{886B49EB-4D20-4287-B78A-447864431AD6}.Release|Any CPU.Build.0 = Release|Any CPU
	EndGlobalSection
	GlobalSection(SolutionProperties) = preSolution
		HideSolutionNode = FALSE
	EndGlobalSection
	GlobalSection(ExtensibilityGlobals) = postSolution
		SolutionGuid = {78B37D1C-FE55-456B-B98E-9DA36B6E3B55}
	EndGlobalSection
EndGlobal
